
Microsoft Visual Studio Solution File, Format Version 12.00
# Visual Studio 15
Project("{FAE04EC0-301F-11D3-BF4B-00C04F79EFBC}") = "Oculus.Platform", "Oculus.Platform.csproj", "{CD9F261D-2D16-0A3B-734D-2AB61264AE4F}"
EndProject
Project("{FAE04EC0-301F-11D3-BF4B-00C04F79EFBC}") = "Assembly-CSharp", "Assembly-CSharp.csproj", "{9C39BDDE-BB2A-59EE-25C1-749E2C7AF6BD}"
EndProject
Project("{FAE04EC0-301F-11D3-BF4B-00C04F79EFBC}") = "Oculus.Spatializer", "Oculus.Spatializer.csproj", "{B2EAE4DA-86ED-8AC0-295D-F61FB4A7044A}"
EndProject
Project("{FAE04EC0-301F-11D3-BF4B-00C04F79EFBC}") = "SimpleWebTransport", "SimpleWebTransport.csproj", "{1D6FC00C-DD33-667A-D807-ADCA280EE0FB}"
EndProject
Project("{FAE04EC0-301F-11D3-BF4B-00C04F79EFBC}") = "Mirror.Examples", "Mirror.Examples.csproj", "{24E8D66D-B8E2-C0F9-208E-C55FE4BBF9AA}"
EndProject
Project("{FAE04EC0-301F-11D3-BF4B-00C04F79EFBC}") = "Oculus.Interaction", "Oculus.Interaction.csproj", "{4233F78C-82F7-0123-1C75-00807F0B7CAE}"
EndProject
Project("{FAE04EC0-301F-11D3-BF4B-00C04F79EFBC}") = "Mirror", "Mirror.csproj", "{C820C0E8-B31B-E323-6B10-A0F8F8001733}"
EndProject
Project("{FAE04EC0-301F-11D3-BF4B-00C04F79EFBC}") = "Mirror.Components", "Mirror.Components.csproj", "{2E1FC7BF-6185-3EE0-91D8-381F86EE8BCC}"
EndProject
Project("{FAE04EC0-301F-11D3-BF4B-00C04F79EFBC}") = "Oculus.VR", "Oculus.VR.csproj", "{5AC194A2-40A9-CB8E-E01B-42B5F48817D8}"
EndProject
Project("{FAE04EC0-301F-11D3-BF4B-00C04F79EFBC}") = "Oculus.Interaction.Samples", "Oculus.Interaction.Samples.csproj", "{8D088F3A-4979-5A70-EBEF-EDF9AC001E17}"
EndProject
Project("{FAE04EC0-301F-11D3-BF4B-00C04F79EFBC}") = "Facebook.WitAI", "Facebook.WitAI.csproj", "{6570C9B7-BEAD-78D2-03E8-BFE40441E4C4}"
EndProject
Project("{FAE04EC0-301F-11D3-BF4B-00C04F79EFBC}") = "Telepathy", "Telepathy.csproj", "{E04987E2-6EA1-DEB2-C800-65BB4541DD00}"
EndProject
Project("{FAE04EC0-301F-11D3-BF4B-00C04F79EFBC}") = "Oculus.AudioManager", "Oculus.AudioManager.csproj", "{13561AD8-74B8-DC7C-5F51-3D72CD58FF92}"
EndProject
Project("{FAE04EC0-301F-11D3-BF4B-00C04F79EFBC}") = "MultiUserKit.Runtime", "MultiUserKit.Runtime.csproj", "{0BFEFD89-4378-D60C-163A-367A32BD03FB}"
EndProject
Project("{FAE04EC0-301F-11D3-BF4B-00C04F79EFBC}") = "VoiceSDK.Runtime", "VoiceSDK.Runtime.csproj", "{2B4721C4-FD9E-6587-E700-288D9656C5F5}"
EndProject
Project("{FAE04EC0-301F-11D3-BF4B-00C04F79EFBC}") = "AssistantCoreSDKRuntime", "AssistantCoreSDKRuntime.csproj", "{FA34AFA9-DF5D-6463-4D17-BC71AEC11B83}"
EndProject
Project("{FAE04EC0-301F-11D3-BF4B-00C04F79EFBC}") = "Oculus.LipSync", "Oculus.LipSync.csproj", "{75DD0D3A-5ABA-157B-ED27-0D90AA5A1910}"
EndProject
Project("{FAE04EC0-301F-11D3-BF4B-00C04F79EFBC}") = "kcp2k", "kcp2k.csproj", "{3E76ACE9-9844-6EC9-E17E-F6DF5DE6741B}"
EndProject
Project("{FAE04EC0-301F-11D3-BF4B-00C04F79EFBC}") = "where-allocations", "where-allocations.csproj", "{D853DDC6-2801-7083-A7D9-3B0FFD58855C}"
EndProject
Project("{FAE04EC0-301F-11D3-BF4B-00C04F79EFBC}") = "Mirror.Authenticators", "Mirror.Authenticators.csproj", "{58179E33-39A1-2C38-F7BB-C97990900CB1}"
EndProject
Project("{FAE04EC0-301F-11D3-BF4B-00C04F79EFBC}") = "Unity.Mirror.CodeGen", "Unity.Mirror.CodeGen.csproj", "{D1CAB1C4-45F0-19E3-F6ED-0EB9C6E37A63}"
EndProject
Project("{FAE04EC0-301F-11D3-BF4B-00C04F79EFBC}") = "Oculus.Interaction.Editor", "Oculus.Interaction.Editor.csproj", "{647C7FB6-7BEA-ADB9-B1F2-51F51D235F3F}"
EndProject
Project("{FAE04EC0-301F-11D3-BF4B-00C04F79EFBC}") = "Facebook.Wit.Editor", "Facebook.Wit.Editor.csproj", "{F5DD75DC-1A55-EC49-B8DA-B67772C7770C}"
EndProject
Project("{FAE04EC0-301F-11D3-BF4B-00C04F79EFBC}") = "Oculus.Spatializer.Editor", "Oculus.Spatializer.Editor.csproj", "{1B5E8A6A-2819-F3E6-5D20-D1B61720A49B}"
EndProject
Project("{FAE04EC0-301F-11D3-BF4B-00C04F79EFBC}") = "Mirror.Editor", "Mirror.Editor.csproj", "{C3E317D2-F768-D801-73D7-CFE08569D659}"
EndProject
Project("{FAE04EC0-301F-11D3-BF4B-00C04F79EFBC}") = "Assembly-CSharp-Editor", "Assembly-CSharp-Editor.csproj", "{8022B7EF-7A4C-00F6-A2DC-1AFF121909EA}"
EndProject
Project("{FAE04EC0-301F-11D3-BF4B-00C04F79EFBC}") = "Mirror.CompilerSymbols", "Mirror.CompilerSymbols.csproj", "{E1C7D550-A918-C812-2EE3-80AB3C989B59}"
EndProject
Project("{FAE04EC0-301F-11D3-BF4B-00C04F79EFBC}") = "Oculus.VR.Editor", "Oculus.VR.Editor.csproj", "{464655E0-D462-B993-D5C2-77EE898580CB}"
EndProject
Project("{FAE04EC0-301F-11D3-BF4B-00C04F79EFBC}") = "VoiceSDK.Editor", "VoiceSDK.Editor.csproj", "{DA27E734-06FF-2B7D-F77A-20AE157F8D32}"
EndProject
Project("{FAE04EC0-301F-11D3-BF4B-00C04F79EFBC}") = "Oculus.Platform.Editor", "Oculus.Platform.Editor.csproj", "{07AA48E6-B454-8A2E-F741-B61F313422AB}"
EndProject
Project("{FAE04EC0-301F-11D3-BF4B-00C04F79EFBC}") = "Oculus.AudioManager.Audio.Editor", "Oculus.AudioManager.Audio.Editor.csproj", "{2DF730D3-AA91-1DDF-2C6B-CDBE848C01DB}"
EndProject
Project("{FAE04EC0-301F-11D3-BF4B-00C04F79EFBC}") = "Oculus.Interaction.InterfaceSupport", "Oculus.Interaction.InterfaceSupport.csproj", "{B2FE456A-9E27-71C4-C40D-2F9D0DEA915D}"
EndProject
Project("{FAE04EC0-301F-11D3-BF4B-00C04F79EFBC}") = "Oculus.VR.Scripts.Editor", "Oculus.VR.Scripts.Editor.csproj", "{247373F0-03F1-333F-6EA6-D09337999E29}"
EndProject
Project("{FAE04EC0-301F-11D3-BF4B-00C04F79EFBC}") = "Oculus.LipSync.Editor", "Oculus.LipSync.Editor.csproj", "{4EC37060-CC87-5FF3-5565-EEBFD4EDFE98}"
EndProject
Project("{FAE04EC0-301F-11D3-BF4B-00C04F79EFBC}") = "MultiUserKit.Editor.Setup", "MultiUserKit.Editor.Setup.csproj", "{2FEF0240-18D2-A7B5-E86D-99D10AA27032}"
EndProject
Project("{FAE04EC0-301F-11D3-BF4B-00C04F79EFBC}") = "MultiUserKit.Editor", "MultiUserKit.Editor.csproj", "{AA186445-EDEB-BE9C-E860-77843F8AC997}"
EndProject
Project("{FAE04EC0-301F-11D3-BF4B-00C04F79EFBC}") = "AssistantCoreSDKEditor", "AssistantCoreSDKEditor.csproj", "{208870C4-C17B-9ACE-848B-CE5A2C9A1E9B}"
EndProject
Project("{FAE04EC0-301F-11D3-BF4B-00C04F79EFBC}") = "Oculus.AudioManager.Utils.Editor", "Oculus.AudioManager.Utils.Editor.csproj", "{C0887750-484E-EF04-DB9C-BF10825C77EE}"
EndProject
Global
	GlobalSection(SolutionConfigurationPlatforms) = preSolution
		Debug|Any CPU = Debug|Any CPU
		Release|Any CPU = Release|Any CPU
	EndGlobalSection
	GlobalSection(ProjectConfigurationPlatforms) = postSolution
		{CD9F261D-2D16-0A3B-734D-2AB61264AE4F}.Debug|Any CPU.ActiveCfg = Debug|Any CPU
		{CD9F261D-2D16-0A3B-734D-2AB61264AE4F}.Debug|Any CPU.Build.0 = Debug|Any CPU
		{CD9F261D-2D16-0A3B-734D-2AB61264AE4F}.Release|Any CPU.ActiveCfg = Release|Any CPU
		{CD9F261D-2D16-0A3B-734D-2AB61264AE4F}.Release|Any CPU.Build.0 = Release|Any CPU
		{9C39BDDE-BB2A-59EE-25C1-749E2C7AF6BD}.Debug|Any CPU.ActiveCfg = Debug|Any CPU
		{9C39BDDE-BB2A-59EE-25C1-749E2C7AF6BD}.Debug|Any CPU.Build.0 = Debug|Any CPU
		{9C39BDDE-BB2A-59EE-25C1-749E2C7AF6BD}.Release|Any CPU.ActiveCfg = Release|Any CPU
		{9C39BDDE-BB2A-59EE-25C1-749E2C7AF6BD}.Release|Any CPU.Build.0 = Release|Any CPU
		{B2EAE4DA-86ED-8AC0-295D-F61FB4A7044A}.Debug|Any CPU.ActiveCfg = Debug|Any CPU
		{B2EAE4DA-86ED-8AC0-295D-F61FB4A7044A}.Debug|Any CPU.Build.0 = Debug|Any CPU
		{B2EAE4DA-86ED-8AC0-295D-F61FB4A7044A}.Release|Any CPU.ActiveCfg = Release|Any CPU
		{B2EAE4DA-86ED-8AC0-295D-F61FB4A7044A}.Release|Any CPU.Build.0 = Release|Any CPU
		{1D6FC00C-DD33-667A-D807-ADCA280EE0FB}.Debug|Any CPU.ActiveCfg = Debug|Any CPU
		{1D6FC00C-DD33-667A-D807-ADCA280EE0FB}.Debug|Any CPU.Build.0 = Debug|Any CPU
		{1D6FC00C-DD33-667A-D807-ADCA280EE0FB}.Release|Any CPU.ActiveCfg = Release|Any CPU
		{1D6FC00C-DD33-667A-D807-ADCA280EE0FB}.Release|Any CPU.Build.0 = Release|Any CPU
		{24E8D66D-B8E2-C0F9-208E-C55FE4BBF9AA}.Debug|Any CPU.ActiveCfg = Debug|Any CPU
		{24E8D66D-B8E2-C0F9-208E-C55FE4BBF9AA}.Debug|Any CPU.Build.0 = Debug|Any CPU
		{24E8D66D-B8E2-C0F9-208E-C55FE4BBF9AA}.Release|Any CPU.ActiveCfg = Release|Any CPU
		{24E8D66D-B8E2-C0F9-208E-C55FE4BBF9AA}.Release|Any CPU.Build.0 = Release|Any CPU
		{4233F78C-82F7-0123-1C75-00807F0B7CAE}.Debug|Any CPU.ActiveCfg = Debug|Any CPU
		{4233F78C-82F7-0123-1C75-00807F0B7CAE}.Debug|Any CPU.Build.0 = Debug|Any CPU
		{4233F78C-82F7-0123-1C75-00807F0B7CAE}.Release|Any CPU.ActiveCfg = Release|Any CPU
		{4233F78C-82F7-0123-1C75-00807F0B7CAE}.Release|Any CPU.Build.0 = Release|Any CPU
		{C820C0E8-B31B-E323-6B10-A0F8F8001733}.Debug|Any CPU.ActiveCfg = Debug|Any CPU
		{C820C0E8-B31B-E323-6B10-A0F8F8001733}.Debug|Any CPU.Build.0 = Debug|Any CPU
		{C820C0E8-B31B-E323-6B10-A0F8F8001733}.Release|Any CPU.ActiveCfg = Release|Any CPU
		{C820C0E8-B31B-E323-6B10-A0F8F8001733}.Release|Any CPU.Build.0 = Release|Any CPU
		{2E1FC7BF-6185-3EE0-91D8-381F86EE8BCC}.Debug|Any CPU.ActiveCfg = Debug|Any CPU
		{2E1FC7BF-6185-3EE0-91D8-381F86EE8BCC}.Debug|Any CPU.Build.0 = Debug|Any CPU
		{2E1FC7BF-6185-3EE0-91D8-381F86EE8BCC}.Release|Any CPU.ActiveCfg = Release|Any CPU
		{2E1FC7BF-6185-3EE0-91D8-381F86EE8BCC}.Release|Any CPU.Build.0 = Release|Any CPU
		{5AC194A2-40A9-CB8E-E01B-42B5F48817D8}.Debug|Any CPU.ActiveCfg = Debug|Any CPU
		{5AC194A2-40A9-CB8E-E01B-42B5F48817D8}.Debug|Any CPU.Build.0 = Debug|Any CPU
		{5AC194A2-40A9-CB8E-E01B-42B5F48817D8}.Release|Any CPU.ActiveCfg = Release|Any CPU
		{5AC194A2-40A9-CB8E-E01B-42B5F48817D8}.Release|Any CPU.Build.0 = Release|Any CPU
		{8D088F3A-4979-5A70-EBEF-EDF9AC001E17}.Debug|Any CPU.ActiveCfg = Debug|Any CPU
		{8D088F3A-4979-5A70-EBEF-EDF9AC001E17}.Debug|Any CPU.Build.0 = Debug|Any CPU
		{8D088F3A-4979-5A70-EBEF-EDF9AC001E17}.Release|Any CPU.ActiveCfg = Release|Any CPU
		{8D088F3A-4979-5A70-EBEF-EDF9AC001E17}.Release|Any CPU.Build.0 = Release|Any CPU
		{6570C9B7-BEAD-78D2-03E8-BFE40441E4C4}.Debug|Any CPU.ActiveCfg = Debug|Any CPU
		{6570C9B7-BEAD-78D2-03E8-BFE40441E4C4}.Debug|Any CPU.Build.0 = Debug|Any CPU
		{6570C9B7-BEAD-78D2-03E8-BFE40441E4C4}.Release|Any CPU.ActiveCfg = Release|Any CPU
		{6570C9B7-BEAD-78D2-03E8-BFE40441E4C4}.Release|Any CPU.Build.0 = Release|Any CPU
		{E04987E2-6EA1-DEB2-C800-65BB4541DD00}.Debug|Any CPU.ActiveCfg = Debug|Any CPU
		{E04987E2-6EA1-DEB2-C800-65BB4541DD00}.Debug|Any CPU.Build.0 = Debug|Any CPU
		{E04987E2-6EA1-DEB2-C800-65BB4541DD00}.Release|Any CPU.ActiveCfg = Release|Any CPU
		{E04987E2-6EA1-DEB2-C800-65BB4541DD00}.Release|Any CPU.Build.0 = Release|Any CPU
		{13561AD8-74B8-DC7C-5F51-3D72CD58FF92}.Debug|Any CPU.ActiveCfg = Debug|Any CPU
		{13561AD8-74B8-DC7C-5F51-3D72CD58FF92}.Debug|Any CPU.Build.0 = Debug|Any CPU
		{13561AD8-74B8-DC7C-5F51-3D72CD58FF92}.Release|Any CPU.ActiveCfg = Release|Any CPU
		{13561AD8-74B8-DC7C-5F51-3D72CD58FF92}.Release|Any CPU.Build.0 = Release|Any CPU
		{0BFEFD89-4378-D60C-163A-367A32BD03FB}.Debug|Any CPU.ActiveCfg = Debug|Any CPU
		{0BFEFD89-4378-D60C-163A-367A32BD03FB}.Debug|Any CPU.Build.0 = Debug|Any CPU
		{0BFEFD89-4378-D60C-163A-367A32BD03FB}.Release|Any CPU.ActiveCfg = Release|Any CPU
		{0BFEFD89-4378-D60C-163A-367A32BD03FB}.Release|Any CPU.Build.0 = Release|Any CPU
		{2B4721C4-FD9E-6587-E700-288D9656C5F5}.Debug|Any CPU.ActiveCfg = Debug|Any CPU
		{2B4721C4-FD9E-6587-E700-288D9656C5F5}.Debug|Any CPU.Build.0 = Debug|Any CPU
		{2B4721C4-FD9E-6587-E700-288D9656C5F5}.Release|Any CPU.ActiveCfg = Release|Any CPU
		{2B4721C4-FD9E-6587-E700-288D9656C5F5}.Release|Any CPU.Build.0 = Release|Any CPU
		{FA34AFA9-DF5D-6463-4D17-BC71AEC11B83}.Debug|Any CPU.ActiveCfg = Debug|Any CPU
		{FA34AFA9-DF5D-6463-4D17-BC71AEC11B83}.Debug|Any CPU.Build.0 = Debug|Any CPU
		{FA34AFA9-DF5D-6463-4D17-BC71AEC11B83}.Release|Any CPU.ActiveCfg = Release|Any CPU
		{FA34AFA9-DF5D-6463-4D17-BC71AEC11B83}.Release|Any CPU.Build.0 = Release|Any CPU
		{75DD0D3A-5ABA-157B-ED27-0D90AA5A1910}.Debug|Any CPU.ActiveCfg = Debug|Any CPU
		{75DD0D3A-5ABA-157B-ED27-0D90AA5A1910}.Debug|Any CPU.Build.0 = Debug|Any CPU
		{75DD0D3A-5ABA-157B-ED27-0D90AA5A1910}.Release|Any CPU.ActiveCfg = Release|Any CPU
		{75DD0D3A-5ABA-157B-ED27-0D90AA5A1910}.Release|Any CPU.Build.0 = Release|Any CPU
		{3E76ACE9-9844-6EC9-E17E-F6DF5DE6741B}.Debug|Any CPU.ActiveCfg = Debug|Any CPU
		{3E76ACE9-9844-6EC9-E17E-F6DF5DE6741B}.Debug|Any CPU.Build.0 = Debug|Any CPU
		{3E76ACE9-9844-6EC9-E17E-F6DF5DE6741B}.Release|Any CPU.ActiveCfg = Release|Any CPU
		{3E76ACE9-9844-6EC9-E17E-F6DF5DE6741B}.Release|Any CPU.Build.0 = Release|Any CPU
		{D853DDC6-2801-7083-A7D9-3B0FFD58855C}.Debug|Any CPU.ActiveCfg = Debug|Any CPU
		{D853DDC6-2801-7083-A7D9-3B0FFD58855C}.Debug|Any CPU.Build.0 = Debug|Any CPU
		{D853DDC6-2801-7083-A7D9-3B0FFD58855C}.Release|Any CPU.ActiveCfg = Release|Any CPU
		{D853DDC6-2801-7083-A7D9-3B0FFD58855C}.Release|Any CPU.Build.0 = Release|Any CPU
		{58179E33-39A1-2C38-F7BB-C97990900CB1}.Debug|Any CPU.ActiveCfg = Debug|Any CPU
		{58179E33-39A1-2C38-F7BB-C97990900CB1}.Debug|Any CPU.Build.0 = Debug|Any CPU
		{58179E33-39A1-2C38-F7BB-C97990900CB1}.Release|Any CPU.ActiveCfg = Release|Any CPU
		{58179E33-39A1-2C38-F7BB-C97990900CB1}.Release|Any CPU.Build.0 = Release|Any CPU
		{D1CAB1C4-45F0-19E3-F6ED-0EB9C6E37A63}.Debug|Any CPU.ActiveCfg = Debug|Any CPU
		{D1CAB1C4-45F0-19E3-F6ED-0EB9C6E37A63}.Debug|Any CPU.Build.0 = Debug|Any CPU
		{D1CAB1C4-45F0-19E3-F6ED-0EB9C6E37A63}.Release|Any CPU.ActiveCfg = Release|Any CPU
		{D1CAB1C4-45F0-19E3-F6ED-0EB9C6E37A63}.Release|Any CPU.Build.0 = Release|Any CPU
		{647C7FB6-7BEA-ADB9-B1F2-51F51D235F3F}.Debug|Any CPU.ActiveCfg = Debug|Any CPU
		{647C7FB6-7BEA-ADB9-B1F2-51F51D235F3F}.Debug|Any CPU.Build.0 = Debug|Any CPU
		{647C7FB6-7BEA-ADB9-B1F2-51F51D235F3F}.Release|Any CPU.ActiveCfg = Release|Any CPU
		{647C7FB6-7BEA-ADB9-B1F2-51F51D235F3F}.Release|Any CPU.Build.0 = Release|Any CPU
		{F5DD75DC-1A55-EC49-B8DA-B67772C7770C}.Debug|Any CPU.ActiveCfg = Debug|Any CPU
		{F5DD75DC-1A55-EC49-B8DA-B67772C7770C}.Debug|Any CPU.Build.0 = Debug|Any CPU
		{F5DD75DC-1A55-EC49-B8DA-B67772C7770C}.Release|Any CPU.ActiveCfg = Release|Any CPU
		{F5DD75DC-1A55-EC49-B8DA-B67772C7770C}.Release|Any CPU.Build.0 = Release|Any CPU
		{1B5E8A6A-2819-F3E6-5D20-D1B61720A49B}.Debug|Any CPU.ActiveCfg = Debug|Any CPU
		{1B5E8A6A-2819-F3E6-5D20-D1B61720A49B}.Debug|Any CPU.Build.0 = Debug|Any CPU
		{1B5E8A6A-2819-F3E6-5D20-D1B61720A49B}.Release|Any CPU.ActiveCfg = Release|Any CPU
		{1B5E8A6A-2819-F3E6-5D20-D1B61720A49B}.Release|Any CPU.Build.0 = Release|Any CPU
		{C3E317D2-F768-D801-73D7-CFE08569D659}.Debug|Any CPU.ActiveCfg = Debug|Any CPU
		{C3E317D2-F768-D801-73D7-CFE08569D659}.Debug|Any CPU.Build.0 = Debug|Any CPU
		{C3E317D2-F768-D801-73D7-CFE08569D659}.Release|Any CPU.ActiveCfg = Release|Any CPU
		{C3E317D2-F768-D801-73D7-CFE08569D659}.Release|Any CPU.Build.0 = Release|Any CPU
		{8022B7EF-7A4C-00F6-A2DC-1AFF121909EA}.Debug|Any CPU.ActiveCfg = Debug|Any CPU
		{8022B7EF-7A4C-00F6-A2DC-1AFF121909EA}.Debug|Any CPU.Build.0 = Debug|Any CPU
		{8022B7EF-7A4C-00F6-A2DC-1AFF121909EA}.Release|Any CPU.ActiveCfg = Release|Any CPU
		{8022B7EF-7A4C-00F6-A2DC-1AFF121909EA}.Release|Any CPU.Build.0 = Release|Any CPU
		{E1C7D550-A918-C812-2EE3-80AB3C989B59}.Debug|Any CPU.ActiveCfg = Debug|Any CPU
		{E1C7D550-A918-C812-2EE3-80AB3C989B59}.Debug|Any CPU.Build.0 = Debug|Any CPU
		{E1C7D550-A918-C812-2EE3-80AB3C989B59}.Release|Any CPU.ActiveCfg = Release|Any CPU
		{E1C7D550-A918-C812-2EE3-80AB3C989B59}.Release|Any CPU.Build.0 = Release|Any CPU
		{464655E0-D462-B993-D5C2-77EE898580CB}.Debug|Any CPU.ActiveCfg = Debug|Any CPU
		{464655E0-D462-B993-D5C2-77EE898580CB}.Debug|Any CPU.Build.0 = Debug|Any CPU
		{464655E0-D462-B993-D5C2-77EE898580CB}.Release|Any CPU.ActiveCfg = Release|Any CPU
		{464655E0-D462-B993-D5C2-77EE898580CB}.Release|Any CPU.Build.0 = Release|Any CPU
		{DA27E734-06FF-2B7D-F77A-20AE157F8D32}.Debug|Any CPU.ActiveCfg = Debug|Any CPU
		{DA27E734-06FF-2B7D-F77A-20AE157F8D32}.Debug|Any CPU.Build.0 = Debug|Any CPU
		{DA27E734-06FF-2B7D-F77A-20AE157F8D32}.Release|Any CPU.ActiveCfg = Release|Any CPU
		{DA27E734-06FF-2B7D-F77A-20AE157F8D32}.Release|Any CPU.Build.0 = Release|Any CPU
		{07AA48E6-B454-8A2E-F741-B61F313422AB}.Debug|Any CPU.ActiveCfg = Debug|Any CPU
		{07AA48E6-B454-8A2E-F741-B61F313422AB}.Debug|Any CPU.Build.0 = Debug|Any CPU
		{07AA48E6-B454-8A2E-F741-B61F313422AB}.Release|Any CPU.ActiveCfg = Release|Any CPU
		{07AA48E6-B454-8A2E-F741-B61F313422AB}.Release|Any CPU.Build.0 = Release|Any CPU
		{2DF730D3-AA91-1DDF-2C6B-CDBE848C01DB}.Debug|Any CPU.ActiveCfg = Debug|Any CPU
		{2DF730D3-AA91-1DDF-2C6B-CDBE848C01DB}.Debug|Any CPU.Build.0 = Debug|Any CPU
		{2DF730D3-AA91-1DDF-2C6B-CDBE848C01DB}.Release|Any CPU.ActiveCfg = Release|Any CPU
		{2DF730D3-AA91-1DDF-2C6B-CDBE848C01DB}.Release|Any CPU.Build.0 = Release|Any CPU
		{B2FE456A-9E27-71C4-C40D-2F9D0DEA915D}.Debug|Any CPU.ActiveCfg = Debug|Any CPU
		{B2FE456A-9E27-71C4-C40D-2F9D0DEA915D}.Debug|Any CPU.Build.0 = Debug|Any CPU
		{B2FE456A-9E27-71C4-C40D-2F9D0DEA915D}.Release|Any CPU.ActiveCfg = Release|Any CPU
		{B2FE456A-9E27-71C4-C40D-2F9D0DEA915D}.Release|Any CPU.Build.0 = Release|Any CPU
		{247373F0-03F1-333F-6EA6-D09337999E29}.Debug|Any CPU.ActiveCfg = Debug|Any CPU
		{247373F0-03F1-333F-6EA6-D09337999E29}.Debug|Any CPU.Build.0 = Debug|Any CPU
		{247373F0-03F1-333F-6EA6-D09337999E29}.Release|Any CPU.ActiveCfg = Release|Any CPU
		{247373F0-03F1-333F-6EA6-D09337999E29}.Release|Any CPU.Build.0 = Release|Any CPU
		{4EC37060-CC87-5FF3-5565-EEBFD4EDFE98}.Debug|Any CPU.ActiveCfg = Debug|Any CPU
		{4EC37060-CC87-5FF3-5565-EEBFD4EDFE98}.Debug|Any CPU.Build.0 = Debug|Any CPU
		{4EC37060-CC87-5FF3-5565-EEBFD4EDFE98}.Release|Any CPU.ActiveCfg = Release|Any CPU
		{4EC37060-CC87-5FF3-5565-EEBFD4EDFE98}.Release|Any CPU.Build.0 = Release|Any CPU
		{2FEF0240-18D2-A7B5-E86D-99D10AA27032}.Debug|Any CPU.ActiveCfg = Debug|Any CPU
		{2FEF0240-18D2-A7B5-E86D-99D10AA27032}.Debug|Any CPU.Build.0 = Debug|Any CPU
		{2FEF0240-18D2-A7B5-E86D-99D10AA27032}.Release|Any CPU.ActiveCfg = Release|Any CPU
		{2FEF0240-18D2-A7B5-E86D-99D10AA27032}.Release|Any CPU.Build.0 = Release|Any CPU
		{AA186445-EDEB-BE9C-E860-77843F8AC997}.Debug|Any CPU.ActiveCfg = Debug|Any CPU
		{AA186445-EDEB-BE9C-E860-77843F8AC997}.Debug|Any CPU.Build.0 = Debug|Any CPU
		{AA186445-EDEB-BE9C-E860-77843F8AC997}.Release|Any CPU.ActiveCfg = Release|Any CPU
		{AA186445-EDEB-BE9C-E860-77843F8AC997}.Release|Any CPU.Build.0 = Release|Any CPU
		{208870C4-C17B-9ACE-848B-CE5A2C9A1E9B}.Debug|Any CPU.ActiveCfg = Debug|Any CPU
		{208870C4-C17B-9ACE-848B-CE5A2C9A1E9B}.Debug|Any CPU.Build.0 = Debug|Any CPU
		{208870C4-C17B-9ACE-848B-CE5A2C9A1E9B}.Release|Any CPU.ActiveCfg = Release|Any CPU
		{208870C4-C17B-9ACE-848B-CE5A2C9A1E9B}.Release|Any CPU.Build.0 = Release|Any CPU
		{C0887750-484E-EF04-DB9C-BF10825C77EE}.Debug|Any CPU.ActiveCfg = Debug|Any CPU
		{C0887750-484E-EF04-DB9C-BF10825C77EE}.Debug|Any CPU.Build.0 = Debug|Any CPU
		{C0887750-484E-EF04-DB9C-BF10825C77EE}.Release|Any CPU.ActiveCfg = Release|Any CPU
		{C0887750-484E-EF04-DB9C-BF10825C77EE}.Release|Any CPU.Build.0 = Release|Any CPU
	EndGlobalSection
	GlobalSection(SolutionProperties) = preSolution
		HideSolutionNode = FALSE
	EndGlobalSection
EndGlobal
