
Microsoft Visual Studio Solution File, Format Version 12.00
# Visual Studio 15
Project("{FAE04EC0-301F-11D3-BF4B-00C04F79EFBC}") = "Oculus.Platform", "Oculus.Platform.csproj", "{04572B7F-3374-57E3-B5E3-A3A6AA9EAC34}"
EndProject
Project("{FAE04EC0-301F-11D3-BF4B-00C04F79EFBC}") = "Assembly-CSharp", "Assembly-CSharp.csproj", "{A94DD83B-5FE0-6740-0C69-7D162EF6FDBC}"
EndProject
Project("{FAE04EC0-301F-11D3-BF4B-00C04F79EFBC}") = "Oculus.Spatializer", "Oculus.Spatializer.csproj", "{44B47584-CFA8-39D0-5E9D-E1B18B9DA929}"
EndProject
Project("{FAE04EC0-301F-11D3-BF4B-00C04F79EFBC}") = "SimpleWebTransport", "SimpleWebTransport.csproj", "{FFA1DC00-6FEB-B078-F446-AB346DF5FADD}"
EndProject
Project("{FAE04EC0-301F-11D3-BF4B-00C04F79EFBC}") = "Mirror.Examples", "Mirror.Examples.csproj", "{7C01DF10-1E64-F782-9887-AB2519B83742}"
EndProject
Project("{FAE04EC0-301F-11D3-BF4B-00C04F79EFBC}") = "Oculus.Interaction", "Oculus.Interaction.csproj", "{94F1F820-EBC8-0E22-9A64-0C6979C6EC82}"
EndProject
Project("{FAE04EC0-301F-11D3-BF4B-00C04F79EFBC}") = "Mirror", "Mirror.csproj", "{8B36F92B-5BC9-4273-2E63-4040E31103F1}"
EndProject
Project("{FAE04EC0-301F-11D3-BF4B-00C04F79EFBC}") = "Mirror.Components", "Mirror.Components.csproj", "{94BB83B3-DC3E-787A-FDFE-7D101F2BCF95}"
EndProject
Project("{FAE04EC0-301F-11D3-BF4B-00C04F79EFBC}") = "Oculus.VR", "Oculus.VR.csproj", "{9833A6EF-58A9-F35A-0D47-59FF062C927D}"
EndProject
Project("{FAE04EC0-301F-11D3-BF4B-00C04F79EFBC}") = "Oculus.Interaction.Samples", "Oculus.Interaction.Samples.csproj", "{C32B6A12-2936-F44F-6331-D572ECE3DECD}"
EndProject
Project("{FAE04EC0-301F-11D3-BF4B-00C04F79EFBC}") = "Facebook.WitAI", "Facebook.WitAI.csproj", "{0423CE44-C984-E2F4-85CC-7B6DB2C8D9AB}"
EndProject
Project("{FAE04EC0-301F-11D3-BF4B-00C04F79EFBC}") = "Telepathy", "Telepathy.csproj", "{CDD6B687-9445-18C6-3A81-699E62FB5637}"
EndProject
Project("{FAE04EC0-301F-11D3-BF4B-00C04F79EFBC}") = "Oculus.AudioManager", "Oculus.AudioManager.csproj", "{1C53EA57-B44F-71F1-B853-779F7BED030F}"
EndProject
Project("{FAE04EC0-301F-11D3-BF4B-00C04F79EFBC}") = "MultiUserKit.Runtime", "MultiUserKit.Runtime.csproj", "{AEAF3583-B256-0FE3-F151-6148698B2ACA}"
EndProject
Project("{FAE04EC0-301F-11D3-BF4B-00C04F79EFBC}") = "VoiceSDK.Runtime", "VoiceSDK.Runtime.csproj", "{7AEEF063-3FDF-F640-0A38-0AE64396A964}"
EndProject
Project("{FAE04EC0-301F-11D3-BF4B-00C04F79EFBC}") = "AssistantCoreSDKRuntime", "AssistantCoreSDKRuntime.csproj", "{3AE4F927-E110-1585-9C8E-29E5DC6D4FAD}"
EndProject
Project("{FAE04EC0-301F-11D3-BF4B-00C04F79EFBC}") = "Oculus.LipSync", "Oculus.LipSync.csproj", "{CA3FF981-22D5-227C-F2FE-6E2BC118E25C}"
EndProject
Project("{FAE04EC0-301F-11D3-BF4B-00C04F79EFBC}") = "kcp2k", "kcp2k.csproj", "{448909DC-CD1B-E7B6-3B82-58FADCC0896A}"
EndProject
Project("{FAE04EC0-301F-11D3-BF4B-00C04F79EFBC}") = "where-allocations", "where-allocations.csproj", "{C2578FA7-CA3B-0AF2-4552-2DF13B46F725}"
EndProject
Project("{FAE04EC0-301F-11D3-BF4B-00C04F79EFBC}") = "Mirror.Authenticators", "Mirror.Authenticators.csproj", "{0D5684D2-748C-20BC-7964-385FD99D9F39}"
EndProject
Project("{FAE04EC0-301F-11D3-BF4B-00C04F79EFBC}") = "Unity.Mirror.CodeGen", "Unity.Mirror.CodeGen.csproj", "{B050E33A-D81E-B0A5-F78F-EFB582433F5B}"
EndProject
Project("{FAE04EC0-301F-11D3-BF4B-00C04F79EFBC}") = "Oculus.Interaction.Editor", "Oculus.Interaction.Editor.csproj", "{11066409-4957-204E-50EC-D0D96C8EC67B}"
EndProject
Project("{FAE04EC0-301F-11D3-BF4B-00C04F79EFBC}") = "Facebook.Wit.Editor", "Facebook.Wit.Editor.csproj", "{7193B23C-0C0F-1323-7348-82514936965D}"
EndProject
Project("{FAE04EC0-301F-11D3-BF4B-00C04F79EFBC}") = "Oculus.Spatializer.Editor", "Oculus.Spatializer.Editor.csproj", "{14E8E3DE-E484-F132-3447-B6D1CEFFF6FB}"
EndProject
Project("{FAE04EC0-301F-11D3-BF4B-00C04F79EFBC}") = "Mirror.Editor", "Mirror.Editor.csproj", "{1D8E75A2-E1EF-52B3-4C72-68EF2114D8C7}"
EndProject
Project("{FAE04EC0-301F-11D3-BF4B-00C04F79EFBC}") = "Assembly-CSharp-Editor", "Assembly-CSharp-Editor.csproj", "{37F91CA3-88B1-824A-177D-00F4C3453A28}"
EndProject
Project("{FAE04EC0-301F-11D3-BF4B-00C04F79EFBC}") = "Mirror.CompilerSymbols", "Mirror.CompilerSymbols.csproj", "{8310737C-81CB-0C81-9086-F3246201DF38}"
EndProject
Project("{FAE04EC0-301F-11D3-BF4B-00C04F79EFBC}") = "Oculus.VR.Editor", "Oculus.VR.Editor.csproj", "{954A2967-106B-BFFF-40D6-E5347772AB03}"
EndProject
Project("{FAE04EC0-301F-11D3-BF4B-00C04F79EFBC}") = "VoiceSDK.Editor", "VoiceSDK.Editor.csproj", "{FD0B5D94-9683-AF27-1EC1-D676E9123DAA}"
EndProject
Project("{FAE04EC0-301F-11D3-BF4B-00C04F79EFBC}") = "Oculus.Platform.Editor", "Oculus.Platform.Editor.csproj", "{52010582-BC95-840A-A8F4-4C7CED0A6E27}"
EndProject
Project("{FAE04EC0-301F-11D3-BF4B-00C04F79EFBC}") = "Oculus.AudioManager.Audio.Editor", "Oculus.AudioManager.Audio.Editor.csproj", "{91A89A43-B1A5-B885-1D81-F881A8F19CF3}"
EndProject
Project("{FAE04EC0-301F-11D3-BF4B-00C04F79EFBC}") = "Oculus.Interaction.InterfaceSupport", "Oculus.Interaction.InterfaceSupport.csproj", "{EAAED0A0-27EB-B523-5CED-7E6903DD9F1B}"
EndProject
Project("{FAE04EC0-301F-11D3-BF4B-00C04F79EFBC}") = "Oculus.VR.Scripts.Editor", "Oculus.VR.Scripts.Editor.csproj", "{69D10604-23B6-50E8-D5EA-7EB0D8A68E6D}"
EndProject
Project("{FAE04EC0-301F-11D3-BF4B-00C04F79EFBC}") = "Oculus.LipSync.Editor", "Oculus.LipSync.Editor.csproj", "{4C676306-6BA1-F00C-2128-987F4B30ED29}"
EndProject
Project("{FAE04EC0-301F-11D3-BF4B-00C04F79EFBC}") = "MultiUserKit.Editor.Setup", "MultiUserKit.Editor.Setup.csproj", "{DD8AC813-A8F2-E060-C34A-05BBF4BCEF60}"
EndProject
Project("{FAE04EC0-301F-11D3-BF4B-00C04F79EFBC}") = "MultiUserKit.Editor", "MultiUserKit.Editor.csproj", "{1954C686-9694-9198-F67F-486984A35003}"
EndProject
Project("{FAE04EC0-301F-11D3-BF4B-00C04F79EFBC}") = "AssistantCoreSDKEditor", "AssistantCoreSDKEditor.csproj", "{83FFD5C4-93D4-8CB3-B9A1-1F40160CE5AF}"
EndProject
Project("{FAE04EC0-301F-11D3-BF4B-00C04F79EFBC}") = "Oculus.AudioManager.Utils.Editor", "Oculus.AudioManager.Utils.Editor.csproj", "{4283759A-ED46-CC59-5473-E2BD4FA7A892}"
EndProject
Global
	GlobalSection(SolutionConfigurationPlatforms) = preSolution
		Debug|Any CPU = Debug|Any CPU
		Release|Any CPU = Release|Any CPU
	EndGlobalSection
	GlobalSection(ProjectConfigurationPlatforms) = postSolution
		{04572B7F-3374-57E3-B5E3-A3A6AA9EAC34}.Debug|Any CPU.ActiveCfg = Debug|Any CPU
		{04572B7F-3374-57E3-B5E3-A3A6AA9EAC34}.Debug|Any CPU.Build.0 = Debug|Any CPU
		{04572B7F-3374-57E3-B5E3-A3A6AA9EAC34}.Release|Any CPU.ActiveCfg = Release|Any CPU
		{04572B7F-3374-57E3-B5E3-A3A6AA9EAC34}.Release|Any CPU.Build.0 = Release|Any CPU
		{A94DD83B-5FE0-6740-0C69-7D162EF6FDBC}.Debug|Any CPU.ActiveCfg = Debug|Any CPU
		{A94DD83B-5FE0-6740-0C69-7D162EF6FDBC}.Debug|Any CPU.Build.0 = Debug|Any CPU
		{A94DD83B-5FE0-6740-0C69-7D162EF6FDBC}.Release|Any CPU.ActiveCfg = Release|Any CPU
		{A94DD83B-5FE0-6740-0C69-7D162EF6FDBC}.Release|Any CPU.Build.0 = Release|Any CPU
		{44B47584-CFA8-39D0-5E9D-E1B18B9DA929}.Debug|Any CPU.ActiveCfg = Debug|Any CPU
		{44B47584-CFA8-39D0-5E9D-E1B18B9DA929}.Debug|Any CPU.Build.0 = Debug|Any CPU
		{44B47584-CFA8-39D0-5E9D-E1B18B9DA929}.Release|Any CPU.ActiveCfg = Release|Any CPU
		{44B47584-CFA8-39D0-5E9D-E1B18B9DA929}.Release|Any CPU.Build.0 = Release|Any CPU
		{FFA1DC00-6FEB-B078-F446-AB346DF5FADD}.Debug|Any CPU.ActiveCfg = Debug|Any CPU
		{FFA1DC00-6FEB-B078-F446-AB346DF5FADD}.Debug|Any CPU.Build.0 = Debug|Any CPU
		{FFA1DC00-6FEB-B078-F446-AB346DF5FADD}.Release|Any CPU.ActiveCfg = Release|Any CPU
		{FFA1DC00-6FEB-B078-F446-AB346DF5FADD}.Release|Any CPU.Build.0 = Release|Any CPU
		{7C01DF10-1E64-F782-9887-AB2519B83742}.Debug|Any CPU.ActiveCfg = Debug|Any CPU
		{7C01DF10-1E64-F782-9887-AB2519B83742}.Debug|Any CPU.Build.0 = Debug|Any CPU
		{7C01DF10-1E64-F782-9887-AB2519B83742}.Release|Any CPU.ActiveCfg = Release|Any CPU
		{7C01DF10-1E64-F782-9887-AB2519B83742}.Release|Any CPU.Build.0 = Release|Any CPU
		{94F1F820-EBC8-0E22-9A64-0C6979C6EC82}.Debug|Any CPU.ActiveCfg = Debug|Any CPU
		{94F1F820-EBC8-0E22-9A64-0C6979C6EC82}.Debug|Any CPU.Build.0 = Debug|Any CPU
		{94F1F820-EBC8-0E22-9A64-0C6979C6EC82}.Release|Any CPU.ActiveCfg = Release|Any CPU
		{94F1F820-EBC8-0E22-9A64-0C6979C6EC82}.Release|Any CPU.Build.0 = Release|Any CPU
		{8B36F92B-5BC9-4273-2E63-4040E31103F1}.Debug|Any CPU.ActiveCfg = Debug|Any CPU
		{8B36F92B-5BC9-4273-2E63-4040E31103F1}.Debug|Any CPU.Build.0 = Debug|Any CPU
		{8B36F92B-5BC9-4273-2E63-4040E31103F1}.Release|Any CPU.ActiveCfg = Release|Any CPU
		{8B36F92B-5BC9-4273-2E63-4040E31103F1}.Release|Any CPU.Build.0 = Release|Any CPU
		{94BB83B3-DC3E-787A-FDFE-7D101F2BCF95}.Debug|Any CPU.ActiveCfg = Debug|Any CPU
		{94BB83B3-DC3E-787A-FDFE-7D101F2BCF95}.Debug|Any CPU.Build.0 = Debug|Any CPU
		{94BB83B3-DC3E-787A-FDFE-7D101F2BCF95}.Release|Any CPU.ActiveCfg = Release|Any CPU
		{94BB83B3-DC3E-787A-FDFE-7D101F2BCF95}.Release|Any CPU.Build.0 = Release|Any CPU
		{9833A6EF-58A9-F35A-0D47-59FF062C927D}.Debug|Any CPU.ActiveCfg = Debug|Any CPU
		{9833A6EF-58A9-F35A-0D47-59FF062C927D}.Debug|Any CPU.Build.0 = Debug|Any CPU
		{9833A6EF-58A9-F35A-0D47-59FF062C927D}.Release|Any CPU.ActiveCfg = Release|Any CPU
		{9833A6EF-58A9-F35A-0D47-59FF062C927D}.Release|Any CPU.Build.0 = Release|Any CPU
		{C32B6A12-2936-F44F-6331-D572ECE3DECD}.Debug|Any CPU.ActiveCfg = Debug|Any CPU
		{C32B6A12-2936-F44F-6331-D572ECE3DECD}.Debug|Any CPU.Build.0 = Debug|Any CPU
		{C32B6A12-2936-F44F-6331-D572ECE3DECD}.Release|Any CPU.ActiveCfg = Release|Any CPU
		{C32B6A12-2936-F44F-6331-D572ECE3DECD}.Release|Any CPU.Build.0 = Release|Any CPU
		{0423CE44-C984-E2F4-85CC-7B6DB2C8D9AB}.Debug|Any CPU.ActiveCfg = Debug|Any CPU
		{0423CE44-C984-E2F4-85CC-7B6DB2C8D9AB}.Debug|Any CPU.Build.0 = Debug|Any CPU
		{0423CE44-C984-E2F4-85CC-7B6DB2C8D9AB}.Release|Any CPU.ActiveCfg = Release|Any CPU
		{0423CE44-C984-E2F4-85CC-7B6DB2C8D9AB}.Release|Any CPU.Build.0 = Release|Any CPU
		{CDD6B687-9445-18C6-3A81-699E62FB5637}.Debug|Any CPU.ActiveCfg = Debug|Any CPU
		{CDD6B687-9445-18C6-3A81-699E62FB5637}.Debug|Any CPU.Build.0 = Debug|Any CPU
		{CDD6B687-9445-18C6-3A81-699E62FB5637}.Release|Any CPU.ActiveCfg = Release|Any CPU
		{CDD6B687-9445-18C6-3A81-699E62FB5637}.Release|Any CPU.Build.0 = Release|Any CPU
		{1C53EA57-B44F-71F1-B853-779F7BED030F}.Debug|Any CPU.ActiveCfg = Debug|Any CPU
		{1C53EA57-B44F-71F1-B853-779F7BED030F}.Debug|Any CPU.Build.0 = Debug|Any CPU
		{1C53EA57-B44F-71F1-B853-779F7BED030F}.Release|Any CPU.ActiveCfg = Release|Any CPU
		{1C53EA57-B44F-71F1-B853-779F7BED030F}.Release|Any CPU.Build.0 = Release|Any CPU
		{AEAF3583-B256-0FE3-F151-6148698B2ACA}.Debug|Any CPU.ActiveCfg = Debug|Any CPU
		{AEAF3583-B256-0FE3-F151-6148698B2ACA}.Debug|Any CPU.Build.0 = Debug|Any CPU
		{AEAF3583-B256-0FE3-F151-6148698B2ACA}.Release|Any CPU.ActiveCfg = Release|Any CPU
		{AEAF3583-B256-0FE3-F151-6148698B2ACA}.Release|Any CPU.Build.0 = Release|Any CPU
		{7AEEF063-3FDF-F640-0A38-0AE64396A964}.Debug|Any CPU.ActiveCfg = Debug|Any CPU
		{7AEEF063-3FDF-F640-0A38-0AE64396A964}.Debug|Any CPU.Build.0 = Debug|Any CPU
		{7AEEF063-3FDF-F640-0A38-0AE64396A964}.Release|Any CPU.ActiveCfg = Release|Any CPU
		{7AEEF063-3FDF-F640-0A38-0AE64396A964}.Release|Any CPU.Build.0 = Release|Any CPU
		{3AE4F927-E110-1585-9C8E-29E5DC6D4FAD}.Debug|Any CPU.ActiveCfg = Debug|Any CPU
		{3AE4F927-E110-1585-9C8E-29E5DC6D4FAD}.Debug|Any CPU.Build.0 = Debug|Any CPU
		{3AE4F927-E110-1585-9C8E-29E5DC6D4FAD}.Release|Any CPU.ActiveCfg = Release|Any CPU
		{3AE4F927-E110-1585-9C8E-29E5DC6D4FAD}.Release|Any CPU.Build.0 = Release|Any CPU
		{CA3FF981-22D5-227C-F2FE-6E2BC118E25C}.Debug|Any CPU.ActiveCfg = Debug|Any CPU
		{CA3FF981-22D5-227C-F2FE-6E2BC118E25C}.Debug|Any CPU.Build.0 = Debug|Any CPU
		{CA3FF981-22D5-227C-F2FE-6E2BC118E25C}.Release|Any CPU.ActiveCfg = Release|Any CPU
		{CA3FF981-22D5-227C-F2FE-6E2BC118E25C}.Release|Any CPU.Build.0 = Release|Any CPU
		{448909DC-CD1B-E7B6-3B82-58FADCC0896A}.Debug|Any CPU.ActiveCfg = Debug|Any CPU
		{448909DC-CD1B-E7B6-3B82-58FADCC0896A}.Debug|Any CPU.Build.0 = Debug|Any CPU
		{448909DC-CD1B-E7B6-3B82-58FADCC0896A}.Release|Any CPU.ActiveCfg = Release|Any CPU
		{448909DC-CD1B-E7B6-3B82-58FADCC0896A}.Release|Any CPU.Build.0 = Release|Any CPU
		{C2578FA7-CA3B-0AF2-4552-2DF13B46F725}.Debug|Any CPU.ActiveCfg = Debug|Any CPU
		{C2578FA7-CA3B-0AF2-4552-2DF13B46F725}.Debug|Any CPU.Build.0 = Debug|Any CPU
		{C2578FA7-CA3B-0AF2-4552-2DF13B46F725}.Release|Any CPU.ActiveCfg = Release|Any CPU
		{C2578FA7-CA3B-0AF2-4552-2DF13B46F725}.Release|Any CPU.Build.0 = Release|Any CPU
		{0D5684D2-748C-20BC-7964-385FD99D9F39}.Debug|Any CPU.ActiveCfg = Debug|Any CPU
		{0D5684D2-748C-20BC-7964-385FD99D9F39}.Debug|Any CPU.Build.0 = Debug|Any CPU
		{0D5684D2-748C-20BC-7964-385FD99D9F39}.Release|Any CPU.ActiveCfg = Release|Any CPU
		{0D5684D2-748C-20BC-7964-385FD99D9F39}.Release|Any CPU.Build.0 = Release|Any CPU
		{B050E33A-D81E-B0A5-F78F-EFB582433F5B}.Debug|Any CPU.ActiveCfg = Debug|Any CPU
		{B050E33A-D81E-B0A5-F78F-EFB582433F5B}.Debug|Any CPU.Build.0 = Debug|Any CPU
		{B050E33A-D81E-B0A5-F78F-EFB582433F5B}.Release|Any CPU.ActiveCfg = Release|Any CPU
		{B050E33A-D81E-B0A5-F78F-EFB582433F5B}.Release|Any CPU.Build.0 = Release|Any CPU
		{11066409-4957-204E-50EC-D0D96C8EC67B}.Debug|Any CPU.ActiveCfg = Debug|Any CPU
		{11066409-4957-204E-50EC-D0D96C8EC67B}.Debug|Any CPU.Build.0 = Debug|Any CPU
		{11066409-4957-204E-50EC-D0D96C8EC67B}.Release|Any CPU.ActiveCfg = Release|Any CPU
		{11066409-4957-204E-50EC-D0D96C8EC67B}.Release|Any CPU.Build.0 = Release|Any CPU
		{7193B23C-0C0F-1323-7348-82514936965D}.Debug|Any CPU.ActiveCfg = Debug|Any CPU
		{7193B23C-0C0F-1323-7348-82514936965D}.Debug|Any CPU.Build.0 = Debug|Any CPU
		{7193B23C-0C0F-1323-7348-82514936965D}.Release|Any CPU.ActiveCfg = Release|Any CPU
		{7193B23C-0C0F-1323-7348-82514936965D}.Release|Any CPU.Build.0 = Release|Any CPU
		{14E8E3DE-E484-F132-3447-B6D1CEFFF6FB}.Debug|Any CPU.ActiveCfg = Debug|Any CPU
		{14E8E3DE-E484-F132-3447-B6D1CEFFF6FB}.Debug|Any CPU.Build.0 = Debug|Any CPU
		{14E8E3DE-E484-F132-3447-B6D1CEFFF6FB}.Release|Any CPU.ActiveCfg = Release|Any CPU
		{14E8E3DE-E484-F132-3447-B6D1CEFFF6FB}.Release|Any CPU.Build.0 = Release|Any CPU
		{1D8E75A2-E1EF-52B3-4C72-68EF2114D8C7}.Debug|Any CPU.ActiveCfg = Debug|Any CPU
		{1D8E75A2-E1EF-52B3-4C72-68EF2114D8C7}.Debug|Any CPU.Build.0 = Debug|Any CPU
		{1D8E75A2-E1EF-52B3-4C72-68EF2114D8C7}.Release|Any CPU.ActiveCfg = Release|Any CPU
		{1D8E75A2-E1EF-52B3-4C72-68EF2114D8C7}.Release|Any CPU.Build.0 = Release|Any CPU
		{37F91CA3-88B1-824A-177D-00F4C3453A28}.Debug|Any CPU.ActiveCfg = Debug|Any CPU
		{37F91CA3-88B1-824A-177D-00F4C3453A28}.Debug|Any CPU.Build.0 = Debug|Any CPU
		{37F91CA3-88B1-824A-177D-00F4C3453A28}.Release|Any CPU.ActiveCfg = Release|Any CPU
		{37F91CA3-88B1-824A-177D-00F4C3453A28}.Release|Any CPU.Build.0 = Release|Any CPU
		{8310737C-81CB-0C81-9086-F3246201DF38}.Debug|Any CPU.ActiveCfg = Debug|Any CPU
		{8310737C-81CB-0C81-9086-F3246201DF38}.Debug|Any CPU.Build.0 = Debug|Any CPU
		{8310737C-81CB-0C81-9086-F3246201DF38}.Release|Any CPU.ActiveCfg = Release|Any CPU
		{8310737C-81CB-0C81-9086-F3246201DF38}.Release|Any CPU.Build.0 = Release|Any CPU
		{954A2967-106B-BFFF-40D6-E5347772AB03}.Debug|Any CPU.ActiveCfg = Debug|Any CPU
		{954A2967-106B-BFFF-40D6-E5347772AB03}.Debug|Any CPU.Build.0 = Debug|Any CPU
		{954A2967-106B-BFFF-40D6-E5347772AB03}.Release|Any CPU.ActiveCfg = Release|Any CPU
		{954A2967-106B-BFFF-40D6-E5347772AB03}.Release|Any CPU.Build.0 = Release|Any CPU
		{FD0B5D94-9683-AF27-1EC1-D676E9123DAA}.Debug|Any CPU.ActiveCfg = Debug|Any CPU
		{FD0B5D94-9683-AF27-1EC1-D676E9123DAA}.Debug|Any CPU.Build.0 = Debug|Any CPU
		{FD0B5D94-9683-AF27-1EC1-D676E9123DAA}.Release|Any CPU.ActiveCfg = Release|Any CPU
		{FD0B5D94-9683-AF27-1EC1-D676E9123DAA}.Release|Any CPU.Build.0 = Release|Any CPU
		{52010582-BC95-840A-A8F4-4C7CED0A6E27}.Debug|Any CPU.ActiveCfg = Debug|Any CPU
		{52010582-BC95-840A-A8F4-4C7CED0A6E27}.Debug|Any CPU.Build.0 = Debug|Any CPU
		{52010582-BC95-840A-A8F4-4C7CED0A6E27}.Release|Any CPU.ActiveCfg = Release|Any CPU
		{52010582-BC95-840A-A8F4-4C7CED0A6E27}.Release|Any CPU.Build.0 = Release|Any CPU
		{91A89A43-B1A5-B885-1D81-F881A8F19CF3}.Debug|Any CPU.ActiveCfg = Debug|Any CPU
		{91A89A43-B1A5-B885-1D81-F881A8F19CF3}.Debug|Any CPU.Build.0 = Debug|Any CPU
		{91A89A43-B1A5-B885-1D81-F881A8F19CF3}.Release|Any CPU.ActiveCfg = Release|Any CPU
		{91A89A43-B1A5-B885-1D81-F881A8F19CF3}.Release|Any CPU.Build.0 = Release|Any CPU
		{EAAED0A0-27EB-B523-5CED-7E6903DD9F1B}.Debug|Any CPU.ActiveCfg = Debug|Any CPU
		{EAAED0A0-27EB-B523-5CED-7E6903DD9F1B}.Debug|Any CPU.Build.0 = Debug|Any CPU
		{EAAED0A0-27EB-B523-5CED-7E6903DD9F1B}.Release|Any CPU.ActiveCfg = Release|Any CPU
		{EAAED0A0-27EB-B523-5CED-7E6903DD9F1B}.Release|Any CPU.Build.0 = Release|Any CPU
		{69D10604-23B6-50E8-D5EA-7EB0D8A68E6D}.Debug|Any CPU.ActiveCfg = Debug|Any CPU
		{69D10604-23B6-50E8-D5EA-7EB0D8A68E6D}.Debug|Any CPU.Build.0 = Debug|Any CPU
		{69D10604-23B6-50E8-D5EA-7EB0D8A68E6D}.Release|Any CPU.ActiveCfg = Release|Any CPU
		{69D10604-23B6-50E8-D5EA-7EB0D8A68E6D}.Release|Any CPU.Build.0 = Release|Any CPU
		{4C676306-6BA1-F00C-2128-987F4B30ED29}.Debug|Any CPU.ActiveCfg = Debug|Any CPU
		{4C676306-6BA1-F00C-2128-987F4B30ED29}.Debug|Any CPU.Build.0 = Debug|Any CPU
		{4C676306-6BA1-F00C-2128-987F4B30ED29}.Release|Any CPU.ActiveCfg = Release|Any CPU
		{4C676306-6BA1-F00C-2128-987F4B30ED29}.Release|Any CPU.Build.0 = Release|Any CPU
		{DD8AC813-A8F2-E060-C34A-05BBF4BCEF60}.Debug|Any CPU.ActiveCfg = Debug|Any CPU
		{DD8AC813-A8F2-E060-C34A-05BBF4BCEF60}.Debug|Any CPU.Build.0 = Debug|Any CPU
		{DD8AC813-A8F2-E060-C34A-05BBF4BCEF60}.Release|Any CPU.ActiveCfg = Release|Any CPU
		{DD8AC813-A8F2-E060-C34A-05BBF4BCEF60}.Release|Any CPU.Build.0 = Release|Any CPU
		{1954C686-9694-9198-F67F-486984A35003}.Debug|Any CPU.ActiveCfg = Debug|Any CPU
		{1954C686-9694-9198-F67F-486984A35003}.Debug|Any CPU.Build.0 = Debug|Any CPU
		{1954C686-9694-9198-F67F-486984A35003}.Release|Any CPU.ActiveCfg = Release|Any CPU
		{1954C686-9694-9198-F67F-486984A35003}.Release|Any CPU.Build.0 = Release|Any CPU
		{83FFD5C4-93D4-8CB3-B9A1-1F40160CE5AF}.Debug|Any CPU.ActiveCfg = Debug|Any CPU
		{83FFD5C4-93D4-8CB3-B9A1-1F40160CE5AF}.Debug|Any CPU.Build.0 = Debug|Any CPU
		{83FFD5C4-93D4-8CB3-B9A1-1F40160CE5AF}.Release|Any CPU.ActiveCfg = Release|Any CPU
		{83FFD5C4-93D4-8CB3-B9A1-1F40160CE5AF}.Release|Any CPU.Build.0 = Release|Any CPU
		{4283759A-ED46-CC59-5473-E2BD4FA7A892}.Debug|Any CPU.ActiveCfg = Debug|Any CPU
		{4283759A-ED46-CC59-5473-E2BD4FA7A892}.Debug|Any CPU.Build.0 = Debug|Any CPU
		{4283759A-ED46-CC59-5473-E2BD4FA7A892}.Release|Any CPU.ActiveCfg = Release|Any CPU
		{4283759A-ED46-CC59-5473-E2BD4FA7A892}.Release|Any CPU.Build.0 = Release|Any CPU
	EndGlobalSection
	GlobalSection(SolutionProperties) = preSolution
		HideSolutionNode = FALSE
	EndGlobalSection
EndGlobal
